
Microsoft Visual Studio Solution File, Format Version 12.00
# Visual Studio 15
VisualStudioVersion = 15.0.28307.1300
MinimumVisualStudioVersion = 10.0.40219.1
Project("{FAE04EC0-301F-11D3-BF4B-00C04F79EFBC}") = "Rent-a-Car.Core", "Rent-a-Car.Core\Rent-a-Car.Core.csproj", "{AC74AED3-33C8-452E-A4B3-60A40889CC9D}"
EndProject
Project("{FAE04EC0-301F-11D3-BF4B-00C04F79EFBC}") = "Rent-a-Car.Entities", "Rent-a-Car.Entities\Rent-a-Car.Entities.csproj", "{6DB310C8-A541-4325-9B73-F2E5C60574A6}"
EndProject
Project("{FAE04EC0-301F-11D3-BF4B-00C04F79EFBC}") = "Rent-a-Car.DataAccess", "Rent-a-Car.DataAccess\Rent-a-Car.DataAccess.csproj", "{36BA136C-A754-4CD5-BD33-04EA6C8B0252}"
EndProject
Project("{FAE04EC0-301F-11D3-BF4B-00C04F79EFBC}") = "Rent-a-Car.Business", "Rent-a-Car.Business\Rent-a-Car.Business.csproj", "{C052B30F-B0C6-49DA-B382-DD1C49CDE61E}"
EndProject
Project("{FAE04EC0-301F-11D3-BF4B-00C04F79EFBC}") = "Rent-a-Car.MvcWebUI", "Rent-a-Car.MvcWebUI\Rent-a-Car.MvcWebUI.csproj", "{6B998B1C-3841-4470-9577-2AA0F499DF36}"
EndProject
Global
	GlobalSection(SolutionConfigurationPlatforms) = preSolution
		Debug|Any CPU = Debug|Any CPU
		Release|Any CPU = Release|Any CPU
	EndGlobalSection
	GlobalSection(ProjectConfigurationPlatforms) = postSolution
		{AC74AED3-33C8-452E-A4B3-60A40889CC9D}.Debug|Any CPU.ActiveCfg = Debug|Any CPU
		{AC74AED3-33C8-452E-A4B3-60A40889CC9D}.Debug|Any CPU.Build.0 = Debug|Any CPU
		{AC74AED3-33C8-452E-A4B3-60A40889CC9D}.Release|Any CPU.ActiveCfg = Release|Any CPU
		{AC74AED3-33C8-452E-A4B3-60A40889CC9D}.Release|Any CPU.Build.0 = Release|Any CPU
		{6DB310C8-A541-4325-9B73-F2E5C60574A6}.Debug|Any CPU.ActiveCfg = Debug|Any CPU
		{6DB310C8-A541-4325-9B73-F2E5C60574A6}.Debug|Any CPU.Build.0 = Debug|Any CPU
		{6DB310C8-A541-4325-9B73-F2E5C60574A6}.Release|Any CPU.ActiveCfg = Release|Any CPU
		{6DB310C8-A541-4325-9B73-F2E5C60574A6}.Release|Any CPU.Build.0 = Release|Any CPU
		{36BA136C-A754-4CD5-BD33-04EA6C8B0252}.Debug|Any CPU.ActiveCfg = Debug|Any CPU
		{36BA136C-A754-4CD5-BD33-04EA6C8B0252}.Debug|Any CPU.Build.0 = Debug|Any CPU
		{36BA136C-A754-4CD5-BD33-04EA6C8B0252}.Release|Any CPU.ActiveCfg = Release|Any CPU
		{36BA136C-A754-4CD5-BD33-04EA6C8B0252}.Release|Any CPU.Build.0 = Release|Any CPU
		{C052B30F-B0C6-49DA-B382-DD1C49CDE61E}.Debug|Any CPU.ActiveCfg = Debug|Any CPU
		{C052B30F-B0C6-49DA-B382-DD1C49CDE61E}.Debug|Any CPU.Build.0 = Debug|Any CPU
		{C052B30F-B0C6-49DA-B382-DD1C49CDE61E}.Release|Any CPU.ActiveCfg = Release|Any CPU
		{C052B30F-B0C6-49DA-B382-DD1C49CDE61E}.Release|Any CPU.Build.0 = Release|Any CPU
		{6B998B1C-3841-4470-9577-2AA0F499DF36}.Debug|Any CPU.ActiveCfg = Debug|Any CPU
		{6B998B1C-3841-4470-9577-2AA0F499DF36}.Debug|Any CPU.Build.0 = Debug|Any CPU
		{6B998B1C-3841-4470-9577-2AA0F499DF36}.Release|Any CPU.ActiveCfg = Release|Any CPU
		{6B998B1C-3841-4470-9577-2AA0F499DF36}.Release|Any CPU.Build.0 = Release|Any CPU
	EndGlobalSection
	GlobalSection(SolutionProperties) = preSolution
		HideSolutionNode = FALSE
	EndGlobalSection
	GlobalSection(ExtensibilityGlobals) = postSolution
		SolutionGuid = {6A93CA58-08E7-490A-A6F4-A47DD9858DF3}
	EndGlobalSection
EndGlobal
